
Microsoft Visual Studio Solution File, Format Version 12.00
# Visual Studio 15
VisualStudioVersion = 15.0.27703.2047
MinimumVisualStudioVersion = 10.0.40219.1
Project("{FAE04EC0-301F-11D3-BF4B-00C04F79EFBC}") = "TravelRecordApp.Android", "TravelRecordApp\TravelRecordApp.Android\TravelRecordApp.Android.csproj", "{05D68A60-63CD-4181-8CBB-4E40090BE01C}"
EndProject
Project("{FAE04EC0-301F-11D3-BF4B-00C04F79EFBC}") = "TravelRecordApp.iOS", "TravelRecordApp\TravelRecordApp.iOS\TravelRecordApp.iOS.csproj", "{7EDB71A4-6E80-425F-92F3-201BA1DD92E6}"
EndProject
Project("{FAE04EC0-301F-11D3-BF4B-00C04F79EFBC}") = "TravelRecordApp", "TravelRecordApp\TravelRecordApp\TravelRecordApp.csproj", "{04022175-DC0D-409A-98B7-0D2FF26D9C33}"
EndProject
Global
	GlobalSection(SolutionConfigurationPlatforms) = preSolution
		Ad-Hoc|Any CPU = Ad-Hoc|Any CPU
		Ad-Hoc|iPhone = Ad-Hoc|iPhone
		Ad-Hoc|iPhoneSimulator = Ad-Hoc|iPhoneSimulator
		AppStore|Any CPU = AppStore|Any CPU
		AppStore|iPhone = AppStore|iPhone
		AppStore|iPhoneSimulator = AppStore|iPhoneSimulator
		Debug|Any CPU = Debug|Any CPU
		Debug|iPhone = Debug|iPhone
		Debug|iPhoneSimulator = Debug|iPhoneSimulator
		Release|Any CPU = Release|Any CPU
		Release|iPhone = Release|iPhone
		Release|iPhoneSimulator = Release|iPhoneSimulator
	EndGlobalSection
	GlobalSection(ProjectConfigurationPlatforms) = postSolution
		{05D68A60-63CD-4181-8CBB-4E40090BE01C}.Ad-Hoc|Any CPU.ActiveCfg = Release|Any CPU
		{05D68A60-63CD-4181-8CBB-4E40090BE01C}.Ad-Hoc|Any CPU.Build.0 = Release|Any CPU
		{05D68A60-63CD-4181-8CBB-4E40090BE01C}.Ad-Hoc|Any CPU.Deploy.0 = Release|Any CPU
		{05D68A60-63CD-4181-8CBB-4E40090BE01C}.Ad-Hoc|iPhone.ActiveCfg = Release|Any CPU
		{05D68A60-63CD-4181-8CBB-4E40090BE01C}.Ad-Hoc|iPhone.Build.0 = Release|Any CPU
		{05D68A60-63CD-4181-8CBB-4E40090BE01C}.Ad-Hoc|iPhone.Deploy.0 = Release|Any CPU
		{05D68A60-63CD-4181-8CBB-4E40090BE01C}.Ad-Hoc|iPhoneSimulator.ActiveCfg = Release|Any CPU
		{05D68A60-63CD-4181-8CBB-4E40090BE01C}.Ad-Hoc|iPhoneSimulator.Build.0 = Release|Any CPU
		{05D68A60-63CD-4181-8CBB-4E40090BE01C}.Ad-Hoc|iPhoneSimulator.Deploy.0 = Release|Any CPU
		{05D68A60-63CD-4181-8CBB-4E40090BE01C}.AppStore|Any CPU.ActiveCfg = Release|Any CPU
		{05D68A60-63CD-4181-8CBB-4E40090BE01C}.AppStore|Any CPU.Build.0 = Release|Any CPU
		{05D68A60-63CD-4181-8CBB-4E40090BE01C}.AppStore|Any CPU.Deploy.0 = Release|Any CPU
		{05D68A60-63CD-4181-8CBB-4E40090BE01C}.AppStore|iPhone.ActiveCfg = Release|Any CPU
		{05D68A60-63CD-4181-8CBB-4E40090BE01C}.AppStore|iPhone.Build.0 = Release|Any CPU
		{05D68A60-63CD-4181-8CBB-4E40090BE01C}.AppStore|iPhone.Deploy.0 = Release|Any CPU
		{05D68A60-63CD-4181-8CBB-4E40090BE01C}.AppStore|iPhoneSimulator.ActiveCfg = Release|Any CPU
		{05D68A60-63CD-4181-8CBB-4E40090BE01C}.AppStore|iPhoneSimulator.Build.0 = Release|Any CPU
		{05D68A60-63CD-4181-8CBB-4E40090BE01C}.AppStore|iPhoneSimulator.Deploy.0 = Release|Any CPU
		{05D68A60-63CD-4181-8CBB-4E40090BE01C}.Debug|Any CPU.ActiveCfg = Debug|Any CPU
		{05D68A60-63CD-4181-8CBB-4E40090BE01C}.Debug|Any CPU.Build.0 = Debug|Any CPU
		{05D68A60-63CD-4181-8CBB-4E40090BE01C}.Debug|Any CPU.Deploy.0 = Debug|Any CPU
		{05D68A60-63CD-4181-8CBB-4E40090BE01C}.Debug|iPhone.ActiveCfg = Debug|Any CPU
		{05D68A60-63CD-4181-8CBB-4E40090BE01C}.Debug|iPhone.Build.0 = Debug|Any CPU
		{05D68A60-63CD-4181-8CBB-4E40090BE01C}.Debug|iPhone.Deploy.0 = Debug|Any CPU
		{05D68A60-63CD-4181-8CBB-4E40090BE01C}.Debug|iPhoneSimulator.ActiveCfg = Debug|Any CPU
		{05D68A60-63CD-4181-8CBB-4E40090BE01C}.Debug|iPhoneSimulator.Build.0 = Debug|Any CPU
		{05D68A60-63CD-4181-8CBB-4E40090BE01C}.Debug|iPhoneSimulator.Deploy.0 = Debug|Any CPU
		{05D68A60-63CD-4181-8CBB-4E40090BE01C}.Release|Any CPU.ActiveCfg = Release|Any CPU
		{05D68A60-63CD-4181-8CBB-4E40090BE01C}.Release|Any CPU.Build.0 = Release|Any CPU
		{05D68A60-63CD-4181-8CBB-4E40090BE01C}.Release|Any CPU.Deploy.0 = Release|Any CPU
		{05D68A60-63CD-4181-8CBB-4E40090BE01C}.Release|iPhone.ActiveCfg = Release|Any CPU
		{05D68A60-63CD-4181-8CBB-4E40090BE01C}.Release|iPhone.Build.0 = Release|Any CPU
		{05D68A60-63CD-4181-8CBB-4E40090BE01C}.Release|iPhone.Deploy.0 = Release|Any CPU
		{05D68A60-63CD-4181-8CBB-4E40090BE01C}.Release|iPhoneSimulator.ActiveCfg = Release|Any CPU
		{05D68A60-63CD-4181-8CBB-4E40090BE01C}.Release|iPhoneSimulator.Build.0 = Release|Any CPU
		{05D68A60-63CD-4181-8CBB-4E40090BE01C}.Release|iPhoneSimulator.Deploy.0 = Release|Any CPU
		{7EDB71A4-6E80-425F-92F3-201BA1DD92E6}.Ad-Hoc|Any CPU.ActiveCfg = Ad-Hoc|iPhone
		{7EDB71A4-6E80-425F-92F3-201BA1DD92E6}.Ad-Hoc|Any CPU.Build.0 = Ad-Hoc|iPhone
		{7EDB71A4-6E80-425F-92F3-201BA1DD92E6}.Ad-Hoc|Any CPU.Deploy.0 = Ad-Hoc|iPhone
		{7EDB71A4-6E80-425F-92F3-201BA1DD92E6}.Ad-Hoc|iPhone.ActiveCfg = Ad-Hoc|iPhone
		{7EDB71A4-6E80-425F-92F3-201BA1DD92E6}.Ad-Hoc|iPhone.Build.0 = Ad-Hoc|iPhone
		{7EDB71A4-6E80-425F-92F3-201BA1DD92E6}.Ad-Hoc|iPhone.Deploy.0 = Ad-Hoc|iPhone
		{7EDB71A4-6E80-425F-92F3-201BA1DD92E6}.Ad-Hoc|iPhoneSimulator.ActiveCfg = Ad-Hoc|iPhoneSimulator
		{7EDB71A4-6E80-425F-92F3-201BA1DD92E6}.Ad-Hoc|iPhoneSimulator.Build.0 = Ad-Hoc|iPhoneSimulator
		{7EDB71A4-6E80-425F-92F3-201BA1DD92E6}.Ad-Hoc|iPhoneSimulator.Deploy.0 = Ad-Hoc|iPhoneSimulator
		{7EDB71A4-6E80-425F-92F3-201BA1DD92E6}.AppStore|Any CPU.ActiveCfg = AppStore|iPhone
		{7EDB71A4-6E80-425F-92F3-201BA1DD92E6}.AppStore|Any CPU.Build.0 = AppStore|iPhone
		{7EDB71A4-6E80-425F-92F3-201BA1DD92E6}.AppStore|Any CPU.Deploy.0 = AppStore|iPhone
		{7EDB71A4-6E80-425F-92F3-201BA1DD92E6}.AppStore|iPhone.ActiveCfg = AppStore|iPhone
		{7EDB71A4-6E80-425F-92F3-201BA1DD92E6}.AppStore|iPhone.Build.0 = AppStore|iPhone
		{7EDB71A4-6E80-425F-92F3-201BA1DD92E6}.AppStore|iPhone.Deploy.0 = AppStore|iPhone
		{7EDB71A4-6E80-425F-92F3-201BA1DD92E6}.AppStore|iPhoneSimulator.ActiveCfg = AppStore|iPhoneSimulator
		{7EDB71A4-6E80-425F-92F3-201BA1DD92E6}.AppStore|iPhoneSimulator.Build.0 = AppStore|iPhoneSimulator
		{7EDB71A4-6E80-425F-92F3-201BA1DD92E6}.AppStore|iPhoneSimulator.Deploy.0 = AppStore|iPhoneSimulator
		{7EDB71A4-6E80-425F-92F3-201BA1DD92E6}.Debug|Any CPU.ActiveCfg = Debug|iPhoneSimulator
		{7EDB71A4-6E80-425F-92F3-201BA1DD92E6}.Debug|Any CPU.Build.0 = Debug|iPhoneSimulator
		{7EDB71A4-6E80-425F-92F3-201BA1DD92E6}.Debug|Any CPU.Deploy.0 = Debug|iPhoneSimulator
		{7EDB71A4-6E80-425F-92F3-201BA1DD92E6}.Debug|iPhone.ActiveCfg = Debug|iPhone
		{7EDB71A4-6E80-425F-92F3-201BA1DD92E6}.Debug|iPhone.Build.0 = Debug|iPhone
		{7EDB71A4-6E80-425F-92F3-201BA1DD92E6}.Debug|iPhone.Deploy.0 = Debug|iPhone
		{7EDB71A4-6E80-425F-92F3-201BA1DD92E6}.Debug|iPhoneSimulator.ActiveCfg = Debug|iPhoneSimulator
		{7EDB71A4-6E80-425F-92F3-201BA1DD92E6}.Debug|iPhoneSimulator.Build.0 = Debug|iPhoneSimulator
		{7EDB71A4-6E80-425F-92F3-201BA1DD92E6}.Debug|iPhoneSimulator.Deploy.0 = Debug|iPhoneSimulator
		{7EDB71A4-6E80-425F-92F3-201BA1DD92E6}.Release|Any CPU.ActiveCfg = Release|iPhone
		{7EDB71A4-6E80-425F-92F3-201BA1DD92E6}.Release|Any CPU.Build.0 = Release|iPhone
		{7EDB71A4-6E80-425F-92F3-201BA1DD92E6}.Release|Any CPU.Deploy.0 = Release|iPhone
		{7EDB71A4-6E80-425F-92F3-201BA1DD92E6}.Release|iPhone.ActiveCfg = Release|iPhone
		{7EDB71A4-6E80-425F-92F3-201BA1DD92E6}.Release|iPhone.Build.0 = Release|iPhone
		{7EDB71A4-6E80-425F-92F3-201BA1DD92E6}.Release|iPhone.Deploy.0 = Release|iPhone
		{7EDB71A4-6E80-425F-92F3-201BA1DD92E6}.Release|iPhoneSimulator.ActiveCfg = Release|iPhoneSimulator
		{7EDB71A4-6E80-425F-92F3-201BA1DD92E6}.Release|iPhoneSimulator.Build.0 = Release|iPhoneSimulator
		{7EDB71A4-6E80-425F-92F3-201BA1DD92E6}.Release|iPhoneSimulator.Deploy.0 = Release|iPhoneSimulator
		{04022175-DC0D-409A-98B7-0D2FF26D9C33}.Ad-Hoc|Any CPU.ActiveCfg = Debug|Any CPU
		{04022175-DC0D-409A-98B7-0D2FF26D9C33}.Ad-Hoc|Any CPU.Build.0 = Debug|Any CPU
		{04022175-DC0D-409A-98B7-0D2FF26D9C33}.Ad-Hoc|Any CPU.Deploy.0 = Debug|Any CPU
		{04022175-DC0D-409A-98B7-0D2FF26D9C33}.Ad-Hoc|iPhone.ActiveCfg = Debug|Any CPU
		{04022175-DC0D-409A-98B7-0D2FF26D9C33}.Ad-Hoc|iPhone.Build.0 = Debug|Any CPU
		{04022175-DC0D-409A-98B7-0D2FF26D9C33}.Ad-Hoc|iPhone.Deploy.0 = Debug|Any CPU
		{04022175-DC0D-409A-98B7-0D2FF26D9C33}.Ad-Hoc|iPhoneSimulator.ActiveCfg = Debug|Any CPU
		{04022175-DC0D-409A-98B7-0D2FF26D9C33}.Ad-Hoc|iPhoneSimulator.Build.0 = Debug|Any CPU
		{04022175-DC0D-409A-98B7-0D2FF26D9C33}.Ad-Hoc|iPhoneSimulator.Deploy.0 = Debug|Any CPU
		{04022175-DC0D-409A-98B7-0D2FF26D9C33}.AppStore|Any CPU.ActiveCfg = Debug|Any CPU
		{04022175-DC0D-409A-98B7-0D2FF26D9C33}.AppStore|Any CPU.Build.0 = Debug|Any CPU
		{04022175-DC0D-409A-98B7-0D2FF26D9C33}.AppStore|Any CPU.Deploy.0 = Debug|Any CPU
		{04022175-DC0D-409A-98B7-0D2FF26D9C33}.AppStore|iPhone.ActiveCfg = Debug|Any CPU
		{04022175-DC0D-409A-98B7-0D2FF26D9C33}.AppStore|iPhone.Build.0 = Debug|Any CPU
		{04022175-DC0D-409A-98B7-0D2FF26D9C33}.AppStore|iPhone.Deploy.0 = Debug|Any CPU
		{04022175-DC0D-409A-98B7-0D2FF26D9C33}.AppStore|iPhoneSimulator.ActiveCfg = Debug|Any CPU
		{04022175-DC0D-409A-98B7-0D2FF26D9C33}.AppStore|iPhoneSimulator.Build.0 = Debug|Any CPU
		{04022175-DC0D-409A-98B7-0D2FF26D9C33}.AppStore|iPhoneSimulator.Deploy.0 = Debug|Any CPU
		{04022175-DC0D-409A-98B7-0D2FF26D9C33}.Debug|Any CPU.ActiveCfg = Debug|Any CPU
		{04022175-DC0D-409A-98B7-0D2FF26D9C33}.Debug|Any CPU.Build.0 = Debug|Any CPU
		{04022175-DC0D-409A-98B7-0D2FF26D9C33}.Debug|Any CPU.Deploy.0 = Debug|Any CPU
		{04022175-DC0D-409A-98B7-0D2FF26D9C33}.Debug|iPhone.ActiveCfg = Debug|Any CPU
		{04022175-DC0D-409A-98B7-0D2FF26D9C33}.Debug|iPhone.Build.0 = Debug|Any CPU
		{04022175-DC0D-409A-98B7-0D2FF26D9C33}.Debug|iPhone.Deploy.0 = Debug|Any CPU
		{04022175-DC0D-409A-98B7-0D2FF26D9C33}.Debug|iPhoneSimulator.ActiveCfg = Debug|Any CPU
		{04022175-DC0D-409A-98B7-0D2FF26D9C33}.Debug|iPhoneSimulator.Build.0 = Debug|Any CPU
		{04022175-DC0D-409A-98B7-0D2FF26D9C33}.Debug|iPhoneSimulator.Deploy.0 = Debug|Any CPU
		{04022175-DC0D-409A-98B7-0D2FF26D9C33}.Release|Any CPU.ActiveCfg = Release|Any CPU
		{04022175-DC0D-409A-98B7-0D2FF26D9C33}.Release|Any CPU.Build.0 = Release|Any CPU
		{04022175-DC0D-409A-98B7-0D2FF26D9C33}.Release|Any CPU.Deploy.0 = Release|Any CPU
		{04022175-DC0D-409A-98B7-0D2FF26D9C33}.Release|iPhone.ActiveCfg = Release|Any CPU
		{04022175-DC0D-409A-98B7-0D2FF26D9C33}.Release|iPhone.Build.0 = Release|Any CPU
		{04022175-DC0D-409A-98B7-0D2FF26D9C33}.Release|iPhone.Deploy.0 = Release|Any CPU
		{04022175-DC0D-409A-98B7-0D2FF26D9C33}.Release|iPhoneSimulator.ActiveCfg = Release|Any CPU
		{04022175-DC0D-409A-98B7-0D2FF26D9C33}.Release|iPhoneSimulator.Build.0 = Release|Any CPU
		{04022175-DC0D-409A-98B7-0D2FF26D9C33}.Release|iPhoneSimulator.Deploy.0 = Release|Any CPU
	EndGlobalSection
	GlobalSection(SolutionProperties) = preSolution
		HideSolutionNode = FALSE
	EndGlobalSection
	GlobalSection(ExtensibilityGlobals) = postSolution
		SolutionGuid = {BA6366F7-6103-4530-9588-41B13855BBE9}
	EndGlobalSection
EndGlobal
